Microsoft Visual Studio Solution File, Format Version 12.00
# Visual Studio 2012
Project("{FAE04EC0-301F-11D3-BF4B-00C04F79EFBC}") = "MasterUI", "MasterUI.csproj", "{CDC6F64A-BEBE-49AB-B5CD-1D34477646CC}"
EndProject
Global
	GlobalSection(SolutionConfigurationPlatforms) = preSolution
	Debug|Any CPU = Debug|Any CPU
	ExportDebug|Any CPU = ExportDebug|Any CPU
	ExportRelease|Any CPU = ExportRelease|Any CPU
	EndGlobalSection
	GlobalSection(ProjectConfigurationPlatforms) = postSolution
		{CDC6F64A-BEBE-49AB-B5CD-1D34477646CC}.Debug|Any CPU.ActiveCfg = Debug|Any CPU
		{CDC6F64A-BEBE-49AB-B5CD-1D34477646CC}.Debug|Any CPU.Build.0 = Debug|Any CPU
		{CDC6F64A-BEBE-49AB-B5CD-1D34477646CC}.ExportDebug|Any CPU.ActiveCfg = ExportDebug|Any CPU
		{CDC6F64A-BEBE-49AB-B5CD-1D34477646CC}.ExportDebug|Any CPU.Build.0 = ExportDebug|Any CPU
		{CDC6F64A-BEBE-49AB-B5CD-1D34477646CC}.ExportRelease|Any CPU.ActiveCfg = ExportRelease|Any CPU
		{CDC6F64A-BEBE-49AB-B5CD-1D34477646CC}.ExportRelease|Any CPU.Build.0 = ExportRelease|Any CPU
	EndGlobalSection
EndGlobal
